// !$*UTF8*$!
{
	archiveVersion = 1;
	classes = {
	};
	objectVersion = 46;
	objects = {

/* Begin PBXBuildFile section */
		E5F7EA831CCBB03A00B2F3E5 /* AppDelegate.swift in Sources */ = {isa = PBXBuildFile; fileRef = E5F7EA821CCBB03A00B2F3E5 /* AppDelegate.swift */; };
		E5F7EA851CCBB03A00B2F3E5 /* ViewController.swift in Sources */ = {isa = PBXBuildFile; fileRef = E5F7EA841CCBB03A00B2F3E5 /* ViewController.swift */; };
		E5F7EA881CCBB03A00B2F3E5 /* Main.storyboard in Resources */ = {isa = PBXBuildFile; fileRef = E5F7EA861CCBB03A00B2F3E5 /* Main.storyboard */; };
		E5F7EA8A1CCBB03A00B2F3E5 /* Assets.xcassets in Resources */ = {isa = PBXBuildFile; fileRef = E5F7EA891CCBB03A00B2F3E5 /* Assets.xcassets */; };
		E5F7EA8D1CCBB03A00B2F3E5 /* LaunchScreen.storyboard in Resources */ = {isa = PBXBuildFile; fileRef = E5F7EA8B1CCBB03A00B2F3E5 /* LaunchScreen.storyboard */; };
		E5F7EA981CCBB03A00B2F3E5 /* DBS_effectsTests.swift in Sources */ = {isa = PBXBuildFile; fileRef = E5F7EA971CCBB03A00B2F3E5 /* DBS_effectsTests.swift */; };
		E5F7EAA31CCBB03A00B2F3E5 /* DBS_effectsUITests.swift in Sources */ = {isa = PBXBuildFile; fileRef = E5F7EAA21CCBB03A00B2F3E5 /* DBS_effectsUITests.swift */; };
/* End PBXBuildFile section */

/* Begin PBXContainerItemProxy section */
		E5F7EA941CCBB03A00B2F3E5 /* PBXContainerItemProxy */ = {
			isa = PBXContainerItemProxy;
			containerPortal = E5F7EA771CCBB03A00B2F3E5 /* Project object */;
			proxyType = 1;
			remoteGlobalIDString = E5F7EA7E1CCBB03A00B2F3E5;
			remoteInfo = "DBS effects";
		};
		E5F7EA9F1CCBB03A00B2F3E5 /* PBXContainerItemProxy */ = {
			isa = PBXContainerItemProxy;
			containerPortal = E5F7EA771CCBB03A00B2F3E5 /* Project object */;
			proxyType = 1;
			remoteGlobalIDString = E5F7EA7E1CCBB03A00B2F3E5;
			remoteInfo = "DBS effects";
		};
/* End PBXContainerItemProxy section */

/* Begin PBXFileReference section */
		E5F7EA7F1CCBB03A00B2F3E5 /* DBS effects.app */ = {isa = PBXFileReference; explicitFileType = wrapper.application; includeInIndex = 0; path = "DBS effects.app"; sourceTree = BUILT_PRODUCTS_DIR; };
		E5F7EA821CCBB03A00B2F3E5 /* AppDelegate.swift */ = {isa = PBXFileReference; lastKnownFileType = sourcecode.swift; path = AppDelegate.swift; sourceTree = "<group>"; };
		E5F7EA841CCBB03A00B2F3E5 /* ViewController.swift */ = {isa = PBXFileReference; lastKnownFileType = sourcecode.swift; path = ViewController.swift; sourceTree = "<group>"; };
		E5F7EA871CCBB03A00B2F3E5 /* Base */ = {isa = PBXFileReference; lastKnownFileType = file.storyboard; name = Base; path = Base.lproj/Main.storyboard; sourceTree = "<group>"; };
		E5F7EA891CCBB03A00B2F3E5 /* Assets.xcassets */ = {isa = PBXFileReference; lastKnownFileType = folder.assetcatalog; path = Assets.xcassets; sourceTree = "<group>"; };
		E5F7EA8C1CCBB03A00B2F3E5 /* Base */ = {isa = PBXFileReference; lastKnownFileType = file.storyboard; name = Base; path = Base.lproj/LaunchScreen.storyboard; sourceTree = "<group>"; };
		E5F7EA8E1CCBB03A00B2F3E5 /* Info.plist */ = {isa = PBXFileReference; lastKnownFileType = text.plist.xml; path = Info.plist; sourceTree = "<group>"; };
		E5F7EA931CCBB03A00B2F3E5 /* DBS effectsTests.xctest */ = {isa = PBXFileReference; explicitFileType = wrapper.cfbundle; includeInIndex = 0; path = "DBS effectsTests.xctest"; sourceTree = BUILT_PRODUCTS_DIR; };
		E5F7EA971CCBB03A00B2F3E5 /* DBS_effectsTests.swift */ = {isa = PBXFileReference; lastKnownFileType = sourcecode.swift; path = DBS_effectsTests.swift; sourceTree = "<group>"; };
		E5F7EA991CCBB03A00B2F3E5 /* Info.plist */ = {isa = PBXFileReference; lastKnownFileType = text.plist.xml; path = Info.plist; sourceTree = "<group>"; };
		E5F7EA9E1CCBB03A00B2F3E5 /* DBS effectsUITests.xctest */ = {isa = PBXFileReference; explicitFileType = wrapper.cfbundle; includeInIndex = 0; path = "DBS effectsUITests.xctest"; sourceTree = BUILT_PRODUCTS_DIR; };
		E5F7EAA21CCBB03A00B2F3E5 /* DBS_effectsUITests.swift */ = {isa = PBXFileReference; lastKnownFileType = sourcecode.swift; path = DBS_effectsUITests.swift; sourceTree = "<group>"; };
		E5F7EAA41CCBB03A00B2F3E5 /* Info.plist */ = {isa = PBXFileReference; lastKnownFileType = text.plist.xml; path = Info.plist; sourceTree = "<group>"; };
/* End PBXFileReference section */

/* Begin PBXFrameworksBuildPhase section */
		E5F7EA7C1CCBB03A00B2F3E5 /* Frameworks */ = {
			isa = PBXFrameworksBuildPhase;
			buildActionMask = 2147483647;
			files = (
			);
			runOnlyForDeploymentPostprocessing = 0;
		};
		E5F7EA901CCBB03A00B2F3E5 /* Frameworks */ = {
			isa = PBXFrameworksBuildPhase;
			buildActionMask = 2147483647;
			files = (
			);
			runOnlyForDeploymentPostprocessing = 0;
		};
		E5F7EA9B1CCBB03A00B2F3E5 /* Frameworks */ = {
			isa = PBXFrameworksBuildPhase;
			buildActionMask = 2147483647;
			files = (
			);
			runOnlyForDeploymentPostprocessing = 0;
		};
/* End PBXFrameworksBuildPhase section */

/* Begin PBXGroup section */
		E5F7EA761CCBB03A00B2F3E5 = {
			isa = PBXGroup;
			children = (
				E5F7EA811CCBB03A00B2F3E5 /* DBS effects */,
				E5F7EA961CCBB03A00B2F3E5 /* DBS effectsTests */,
				E5F7EAA11CCBB03A00B2F3E5 /* DBS effectsUITests */,
				E5F7EA801CCBB03A00B2F3E5 /* Products */,
			);
			sourceTree = "<group>";
		};
		E5F7EA801CCBB03A00B2F3E5 /* Products */ = {
			isa = PBXGroup;
			children = (
				E5F7EA7F1CCBB03A00B2F3E5 /* DBS effects.app */,
				E5F7EA931CCBB03A00B2F3E5 /* DBS effectsTests.xctest */,
				E5F7EA9E1CCBB03A00B2F3E5 /* DBS effectsUITests.xctest */,
			);
			name = Products;
			sourceTree = "<group>";
		};
		E5F7EA811CCBB03A00B2F3E5 /* DBS effects */ = {
			isa = PBXGroup;
			children = (
				E5F7EA821CCBB03A00B2F3E5 /* AppDelegate.swift */,
				E5F7EA841CCBB03A00B2F3E5 /* ViewController.swift */,
				E5F7EA861CCBB03A00B2F3E5 /* Main.storyboard */,
				E5F7EA891CCBB03A00B2F3E5 /* Assets.xcassets */,
				E5F7EA8B1CCBB03A00B2F3E5 /* LaunchScreen.storyboard */,
				E5F7EA8E1CCBB03A00B2F3E5 /* Info.plist */,
			);
			path = "DBS effects";
			sourceTree = "<group>";
		};
		E5F7EA961CCBB03A00B2F3E5 /* DBS effectsTests */ = {
			isa = PBXGroup;
			children = (
				E5F7EA971CCBB03A00B2F3E5 /* DBS_effectsTests.swift */,
				E5F7EA991CCBB03A00B2F3E5 /* Info.plist */,
			);
			path = "DBS effectsTests";
			sourceTree = "<group>";
		};
		E5F7EAA11CCBB03A00B2F3E5 /* DBS effectsUITests */ = {
			isa = PBXGroup;
			children = (
				E5F7EAA21CCBB03A00B2F3E5 /* DBS_effectsUITests.swift */,
				E5F7EAA41CCBB03A00B2F3E5 /* Info.plist */,
			);
			path = "DBS effectsUITests";
			sourceTree = "<group>";
		};
/* End PBXGroup section */

/* Begin PBXNativeTarget section */
		E5F7EA7E1CCBB03A00B2F3E5 /* DBS effects */ = {
			isa = PBXNativeTarget;
			buildConfigurationList = E5F7EAA71CCBB03A00B2F3E5 /* Build configuration list for PBXNativeTarget "DBS effects" */;
			buildPhases = (
				E5F7EA7B1CCBB03A00B2F3E5 /* Sources */,
				E5F7EA7C1CCBB03A00B2F3E5 /* Frameworks */,
				E5F7EA7D1CCBB03A00B2F3E5 /* Resources */,
			);
			buildRules = (
			);
			dependencies = (
			);
			name = "DBS effects";
			productName = "DBS effects";
			productReference = E5F7EA7F1CCBB03A00B2F3E5 /* DBS effects.app */;
			productType = "com.apple.product-type.application";
		};
		E5F7EA921CCBB03A00B2F3E5 /* DBS effectsTests */ = {
			isa = PBXNativeTarget;
			buildConfigurationList = E5F7EAAA1CCBB03A00B2F3E5 /* Build configuration list for PBXNativeTarget "DBS effectsTests" */;
			buildPhases = (
				E5F7EA8F1CCBB03A00B2F3E5 /* Sources */,
				E5F7EA901CCBB03A00B2F3E5 /* Frameworks */,
				E5F7EA911CCBB03A00B2F3E5 /* Resources */,
			);
			buildRules = (
			);
			dependencies = (
				E5F7EA951CCBB03A00B2F3E5 /* PBXTargetDependency */,
			);
			name = "DBS effectsTests";
			productName = "DBS effectsTests";
			productReference = E5F7EA931CCBB03A00B2F3E5 /* DBS effectsTests.xctest */;
			productType = "com.apple.product-type.bundle.unit-test";
		};
		E5F7EA9D1CCBB03A00B2F3E5 /* DBS effectsUITests */ = {
			isa = PBXNativeTarget;
			buildConfigurationList = E5F7EAAD1CCBB03A00B2F3E5 /* Build configuration list for PBXNativeTarget "DBS effectsUITests" */;
			buildPhases = (
				E5F7EA9A1CCBB03A00B2F3E5 /* Sources */,
				E5F7EA9B1CCBB03A00B2F3E5 /* Frameworks */,
				E5F7EA9C1CCBB03A00B2F3E5 /* Resources */,
			);
			buildRules = (
			);
			dependencies = (
				E5F7EAA01CCBB03A00B2F3E5 /* PBXTargetDependency */,
			);
			name = "DBS effectsUITests";
			productName = "DBS effectsUITests";
			productReference = E5F7EA9E1CCBB03A00B2F3E5 /* DBS effectsUITests.xctest */;
			productType = "com.apple.product-type.bundle.ui-testing";
		};
/* End PBXNativeTarget section */

/* Begin PBXProject section */
		E5F7EA771CCBB03A00B2F3E5 /* Project object */ = {
			isa = PBXProject;
			attributes = {
				LastSwiftUpdateCheck = 0730;
				LastUpgradeCheck = 0730;
				ORGANIZATIONNAME = "Fabio Laghi";
				TargetAttributes = {
					E5F7EA7E1CCBB03A00B2F3E5 = {
						CreatedOnToolsVersion = 7.3;
						DevelopmentTeam = L4PYWZCQP2;
					};
					E5F7EA921CCBB03A00B2F3E5 = {
						CreatedOnToolsVersion = 7.3;
						TestTargetID = E5F7EA7E1CCBB03A00B2F3E5;
					};
					E5F7EA9D1CCBB03A00B2F3E5 = {
						CreatedOnToolsVersion = 7.3;
						TestTargetID = E5F7EA7E1CCBB03A00B2F3E5;
					};
				};
			};
			buildConfigurationList = E5F7EA7A1CCBB03A00B2F3E5 /* Build configuration list for PBXProject "DBS effects" */;
			compatibilityVersion = "Xcode 3.2";
			developmentRegion = English;
			hasScannedForEncodings = 0;
			knownRegions = (
				en,
				Base,
			);
			mainGroup = E5F7EA761CCBB03A00B2F3E5;
			productRefGroup = E5F7EA801CCBB03A00B2F3E5 /* Products */;
			projectDirPath = "";
			projectRoot = "";
			targets = (
				E5F7EA7E1CCBB03A00B2F3E5 /* DBS effects */,
				E5F7EA921CCBB03A00B2F3E5 /* DBS effectsTests */,
				E5F7EA9D1CCBB03A00B2F3E5 /* DBS effectsUITests */,
			);
		};
/* End PBXProject section */

/* Begin PBXResourcesBuildPhase section */
		E5F7EA7D1CCBB03A00B2F3E5 /* Resources */ = {
			isa = PBXResourcesBuildPhase;
			buildActionMask = 2147483647;
			files = (
				E5F7EA8D1CCBB03A00B2F3E5 /* LaunchScreen.storyboard in Resources */,
				E5F7EA8A1CCBB03A00B2F3E5 /* Assets.xcassets in Resources */,
				E5F7EA881CCBB03A00B2F3E5 /* Main.storyboard in Resources */,
			);
			runOnlyForDeploymentPostprocessing = 0;
		};
		E5F7EA911CCBB03A00B2F3E5 /* Resources */ = {
			isa = PBXResourcesBuildPhase;
			buildActionMask = 2147483647;
			files = (
			);
			runOnlyForDeploymentPostprocessing = 0;
		};
		E5F7EA9C1CCBB03A00B2F3E5 /* Resources */ = {
			isa = PBXResourcesBuildPhase;
			buildActionMask = 2147483647;
			files = (
			);
			runOnlyForDeploymentPostprocessing = 0;
		};
/* End PBXResourcesBuildPhase section */

/* Begin PBXSourcesBuildPhase section */
		E5F7EA7B1CCBB03A00B2F3E5 /* Sources */ = {
			isa = PBXSourcesBuildPhase;
			buildActionMask = 2147483647;
			files = (
				E5F7EA851CCBB03A00B2F3E5 /* ViewController.swift in Sources */,
				E5F7EA831CCBB03A00B2F3E5 /* AppDelegate.swift in Sources */,
			);
			runOnlyForDeploymentPostprocessing = 0;
		};
		E5F7EA8F1CCBB03A00B2F3E5 /* Sources */ = {
			isa = PBXSourcesBuildPhase;
			buildActionMask = 2147483647;
			files = (
				E5F7EA981CCBB03A00B2F3E5 /* DBS_effectsTests.swift in Sources */,
			);
			runOnlyForDeploymentPostprocessing = 0;
		};
		E5F7EA9A1CCBB03A00B2F3E5 /* Sources */ = {
			isa = PBXSourcesBuildPhase;
			buildActionMask = 2147483647;
			files = (
				E5F7EAA31CCBB03A00B2F3E5 /* DBS_effectsUITests.swift in Sources */,
			);
			runOnlyForDeploymentPostprocessing = 0;
		};
/* End PBXSourcesBuildPhase section */

/* Begin PBXTargetDependency section */
		E5F7EA951CCBB03A00B2F3E5 /* PBXTargetDependency */ = {
			isa = PBXTargetDependency;
			target = E5F7EA7E1CCBB03A00B2F3E5 /* DBS effects */;
			targetProxy = E5F7EA941CCBB03A00B2F3E5 /* PBXContainerItemProxy */;
		};
		E5F7EAA01CCBB03A00B2F3E5 /* PBXTargetDependency */ = {
			isa = PBXTargetDependency;
			target = E5F7EA7E1CCBB03A00B2F3E5 /* DBS effects */;
			targetProxy = E5F7EA9F1CCBB03A00B2F3E5 /* PBXContainerItemProxy */;
		};
/* End PBXTargetDependency section */

/* Begin PBXVariantGroup section */
		E5F7EA861CCBB03A00B2F3E5 /* Main.storyboard */ = {
			isa = PBXVariantGroup;
			children = (
				E5F7EA871CCBB03A00B2F3E5 /* Base */,
			);
			name = Main.storyboard;
			sourceTree = "<group>";
		};
		E5F7EA8B1CCBB03A00B2F3E5 /* LaunchScreen.storyboard */ = {
			isa = PBXVariantGroup;
			children = (
				E5F7EA8C1CCBB03A00B2F3E5 /* Base */,
			);
			name = LaunchScreen.storyboard;
			sourceTree = "<group>";
		};
/* End PBXVariantGroup section */

/* Begin XCBuildConfiguration section */
		E5F7EAA51CCBB03A00B2F3E5 /* Debug */ = {
			isa = XCBuildConfiguration;
			buildSettings = {
				ALWAYS_SEARCH_USER_PATHS = NO;
				CLANG_ANALYZER_NONNULL = YES;
				CLANG_CXX_LANGUAGE_STANDARD = "gnu++0x";
				CLANG_CXX_LIBRARY = "libc++";
				CLANG_ENABLE_MODULES = YES;
				CLANG_ENABLE_OBJC_ARC = YES;
				CLANG_WARN_BOOL_CONVERSION = YES;
				CLANG_WARN_CONSTANT_CONVERSION = YES;
				CLANG_WARN_DIRECT_OBJC_ISA_USAGE = YES_ERROR;
				CLANG_WARN_EMPTY_BODY = YES;
				CLANG_WARN_ENUM_CONVERSION = YES;
				CLANG_WARN_INT_CONVERSION = YES;
				CLANG_WARN_OBJC_ROOT_CLASS = YES_ERROR;
				CLANG_WARN_UNREACHABLE_CODE = YES;
				CLANG_WARN__DUPLICATE_METHOD_MATCH = YES;
				"CODE_SIGN_IDENTITY[sdk=iphoneos*]" = "iPhone Developer";
				COPY_PHASE_STRIP = NO;
				DEBUG_INFORMATION_FORMAT = dwarf;
				ENABLE_STRICT_OBJC_MSGSEND = YES;
				ENABLE_TESTABILITY = YES;
				GCC_C_LANGUAGE_STANDARD = gnu99;
				GCC_DYNAMIC_NO_PIC = NO;
				GCC_NO_COMMON_BLOCKS = YES;
				GCC_OPTIMIZATION_LEVEL = 0;
				GCC_PREPROCESSOR_DEFINITIONS = (
					"DEBUG=1",
					"$(inherited)",
				);
				GCC_WARN_64_TO_32_BIT_CONVERSION = YES;
				GCC_WARN_ABOUT_RETURN_TYPE = YES_ERROR;
				GCC_WARN_UNDECLARED_SELECTOR = YES;
				GCC_WARN_UNINITIALIZED_AUTOS = YES_AGGRESSIVE;
				GCC_WARN_UNUSED_FUNCTION = YES;
				GCC_WARN_UNUSED_VARIABLE = YES;
				IPHONEOS_DEPLOYMENT_TARGET = 9.3;
				MTL_ENABLE_DEBUG_INFO = YES;
				ONLY_ACTIVE_ARCH = YES;
				SDKROOT = iphoneos;
				SWIFT_OPTIMIZATION_LEVEL = "-Onone";
				TARGETED_DEVICE_FAMILY = "1,2";
			};
			name = Debug;
		};
		E5F7EAA61CCBB03A00B2F3E5 /* Release */ = {
			isa = XCBuildConfiguration;
			buildSettings = {
				ALWAYS_SEARCH_USER_PATHS = NO;
				CLANG_ANALYZER_NONNULL = YES;
				CLANG_CXX_LANGUAGE_STANDARD = "gnu++0x";
				CLANG_CXX_LIBRARY = "libc++";
				CLANG_ENABLE_MODULES = YES;
				CLANG_ENABLE_OBJC_ARC = YES;
				CLANG_WARN_BOOL_CONVERSION = YES;
				CLANG_WARN_CONSTANT_CONVERSION = YES;
				CLANG_WARN_DIRECT_OBJC_ISA_USAGE = YES_ERROR;
				CLANG_WARN_EMPTY_BODY = YES;
				CLANG_WARN_ENUM_CONVERSION = YES;
				CLANG_WARN_INT_CONVERSION = YES;
				CLANG_WARN_OBJC_ROOT_CLASS = YES_ERROR;
				CLANG_WARN_UNREACHABLE_CODE = YES;
				CLANG_WARN__DUPLICATE_METHOD_MATCH = YES;
				"CODE_SIGN_IDENTITY[sdk=iphoneos*]" = "iPhone Developer";
				COPY_PHASE_STRIP = NO;
				DEBUG_INFORMATION_FORMAT = "dwarf-with-dsym";
				ENABLE_NS_ASSERTIONS = NO;
				ENABLE_STRICT_OBJC_MSGSEND = YES;
				GCC_C_LANGUAGE_STANDARD = gnu99;
				GCC_NO_COMMON_BLOCKS = YES;
				GCC_WARN_64_TO_32_BIT_CONVERSION = YES;
				GCC_WARN_ABOUT_RETURN_TYPE = YES_ERROR;
				GCC_WARN_UNDECLARED_SELECTOR = YES;
				GCC_WARN_UNINITIALIZED_AUTOS = YES_AGGRESSIVE;
				GCC_WARN_UNUSED_FUNCTION = YES;
				GCC_WARN_UNUSED_VARIABLE = YES;
				IPHONEOS_DEPLOYMENT_TARGET = 9.3;
				MTL_ENABLE_DEBUG_INFO = NO;
				SDKROOT = iphoneos;
				TARGETED_DEVICE_FAMILY = "1,2";
				VALIDATE_PRODUCT = YES;
			};
			name = Release;
		};
		E5F7EAA81CCBB03A00B2F3E5 /* Debug */ = {
			isa = XCBuildConfiguration;
			buildSettings = {
				ASSETCATALOG_COMPILER_APPICON_NAME = AppIcon;
				CODE_SIGN_IDENTITY = "iPhone Developer";
				INFOPLIST_FILE = "DBS effects/Info.plist";
				IPHONEOS_DEPLOYMENT_TARGET = 8.0;
				LD_RUNPATH_SEARCH_PATHS = "$(inherited) @executable_path/Frameworks";
				PRODUCT_BUNDLE_IDENTIFIER = "com.FabioLaghi.DBS-effects";
				PRODUCT_NAME = "$(TARGET_NAME)";
				TARGETED_DEVICE_FAMILY = 2;
			};
			name = Debug;
		};
		E5F7EAA91CCBB03A00B2F3E5 /* Release */ = {
			isa = XCBuildConfiguration;
			buildSettings = {
				ASSETCATALOG_COMPILER_APPICON_NAME = AppIcon;
				CODE_SIGN_IDENTITY = "iPhone Developer";
				INFOPLIST_FILE = "DBS effects/Info.plist";
				IPHONEOS_DEPLOYMENT_TARGET = 8.0;
				LD_RUNPATH_SEARCH_PATHS = "$(inherited) @executable_path/Frameworks";
				PRODUCT_BUNDLE_IDENTIFIER = "com.FabioLaghi.DBS-effects";
				PRODUCT_NAME = "$(TARGET_NAME)";
				TARGETED_DEVICE_FAMILY = 2;
			};
			name = Release;
		};
		E5F7EAAB1CCBB03A00B2F3E5 /* Debug */ = {
			isa = XCBuildConfiguration;
			buildSettings = {
				BUNDLE_LOADER = "$(TEST_HOST)";
				INFOPLIST_FILE = "DBS effectsTests/Info.plist";
				LD_RUNPATH_SEARCH_PATHS = "$(inherited) @executable_path/Frameworks @loader_path/Frameworks";
				PRODUCT_BUNDLE_IDENTIFIER = "com.FabioLaghi.DBS-effectsTests";
				PRODUCT_NAME = "$(TARGET_NAME)";
				TEST_HOST = "$(BUILT_PRODUCTS_DIR)/DBS effects.app/DBS effects";
			};
			name = Debug;
		};
		E5F7EAAC1CCBB03A00B2F3E5 /* Release */ = {
			isa = XCBuildConfiguration;
			buildSettings = {
				BUNDLE_LOADER = "$(TEST_HOST)";
				INFOPLIST_FILE = "DBS effectsTests/Info.plist";
				LD_RUNPATH_SEARCH_PATHS = "$(inherited) @executable_path/Frameworks @loader_path/Frameworks";
				PRODUCT_BUNDLE_IDENTIFIER = "com.FabioLaghi.DBS-effectsTests";
				PRODUCT_NAME = "$(TARGET_NAME)";
				TEST_HOST = "$(BUILT_PRODUCTS_DIR)/DBS effects.app/DBS effects";
			};
			name = Release;
		};
		E5F7EAAE1CCBB03A00B2F3E5 /* Debug */ = {
			isa = XCBuildConfiguration;
			buildSettings = {
				INFOPLIST_FILE = "DBS effectsUITests/Info.plist";
				LD_RUNPATH_SEARCH_PATHS = "$(inherited) @executable_path/Frameworks @loader_path/Frameworks";
				PRODUCT_BUNDLE_IDENTIFIER = "com.FabioLaghi.DBS-effectsUITests";
				PRODUCT_NAME = "$(TARGET_NAME)";
				TEST_TARGET_NAME = "DBS effects";
			};
			name = Debug;
		};
		E5F7EAAF1CCBB03A00B2F3E5 /* Release */ = {
			isa = XCBuildConfiguration;
			buildSettings = {
				INFOPLIST_FILE = "DBS effectsUITests/Info.plist";
				LD_RUNPATH_SEARCH_PATHS = "$(inherited) @executable_path/Frameworks @loader_path/Frameworks";
				PRODUCT_BUNDLE_IDENTIFIER = "com.FabioLaghi.DBS-effectsUITests";
				PRODUCT_NAME = "$(TARGET_NAME)";
				TEST_TARGET_NAME = "DBS effects";
			};
			name = Release;
		};
/* End XCBuildConfiguration section */

/* Begin XCConfigurationList section */
		E5F7EA7A1CCBB03A00B2F3E5 /* Build configuration list for PBXProject "DBS effects" */ = {
			isa = XCConfigurationList;
			buildConfigurations = (
				E5F7EAA51CCBB03A00B2F3E5 /* Debug */,
				E5F7EAA61CCBB03A00B2F3E5 /* Release */,
			);
			defaultConfigurationIsVisible = 0;
			defaultConfigurationName = Release;
		};
		E5F7EAA71CCBB03A00B2F3E5 /* Build configuration list for PBXNativeTarget "DBS effects" */ = {
			isa = XCConfigurationList;
			buildConfigurations = (
				E5F7EAA81CCBB03A00B2F3E5 /* Debug */,
				E5F7EAA91CCBB03A00B2F3E5 /* Release */,
			);
			defaultConfigurationIsVisible = 0;
			defaultConfigurationName = Release;
		};
		E5F7EAAA1CCBB03A00B2F3E5 /* Build configuration list for PBXNativeTarget "DBS effectsTests" */ = {
			isa = XCConfigurationList;
			buildConfigurations = (
				E5F7EAAB1CCBB03A00B2F3E5 /* Debug */,
				E5F7EAAC1CCBB03A00B2F3E5 /* Release */,
			);
			defaultConfigurationIsVisible = 0;
			defaultConfigurationName = Release;
		};
		E5F7EAAD1CCBB03A00B2F3E5 /* Build configuration list for PBXNativeTarget "DBS effectsUITests" */ = {
			isa = XCConfigurationList;
			buildConfigurations = (
				E5F7EAAE1CCBB03A00B2F3E5 /* Debug */,
				E5F7EAAF1CCBB03A00B2F3E5 /* Release */,
			);
			defaultConfigurationIsVisible = 0;
			defaultConfigurationName = Release;
		};
/* End XCConfigurationList section */
	};
	rootObject = E5F7EA771CCBB03A00B2F3E5 /* Project object */;
}
